// !$*UTF8*$!
{
	archiveVersion = 1;
	classes = {
	};
	objectVersion = 56;
	objects = {

/* Begin PBXBuildFile section */
		22096E372BA355DD00FB20F2 /* LandmarkList.swift in Sources */ = {isa = PBXBuildFile; fileRef = 22096E2F2BA355DC00FB20F2 /* LandmarkList.swift */; };
		22096E382BA355DD00FB20F2 /* LandmarkDetail.swift in Sources */ = {isa = PBXBuildFile; fileRef = 22096E302BA355DC00FB20F2 /* LandmarkDetail.swift */; };
		22096E392BA355DD00FB20F2 /* LandmarkRow.swift in Sources */ = {isa = PBXBuildFile; fileRef = 22096E312BA355DC00FB20F2 /* LandmarkRow.swift */; };
		22096E3A2BA355DD00FB20F2 /* MapView.swift in Sources */ = {isa = PBXBuildFile; fileRef = 22096E332BA355DC00FB20F2 /* MapView.swift */; };
		22096E3B2BA355DD00FB20F2 /* CircleImage.swift in Sources */ = {isa = PBXBuildFile; fileRef = 22096E342BA355DC00FB20F2 /* CircleImage.swift */; };
		22096E3C2BA355DD00FB20F2 /* FavoriteButton.swift in Sources */ = {isa = PBXBuildFile; fileRef = 22096E352BA355DC00FB20F2 /* FavoriteButton.swift */; };
		22096E3D2BA355DD00FB20F2 /* ContentView.swift in Sources */ = {isa = PBXBuildFile; fileRef = 22096E362BA355DC00FB20F2 /* ContentView.swift */; };
		22096E492BA3FA3C00FB20F2 /* landmark_app_icon_1024x1024.png in Resources */ = {isa = PBXBuildFile; fileRef = 22096E482BA3FA3C00FB20F2 /* landmark_app_icon_1024x1024.png */; };
		22096E562BA4002000FB20F2 /* RotatedBadgeSymbol.swift in Sources */ = {isa = PBXBuildFile; fileRef = 22096E512BA4002000FB20F2 /* RotatedBadgeSymbol.swift */; };
		22096E572BA4002000FB20F2 /* HexagonParameters.swift in Sources */ = {isa = PBXBuildFile; fileRef = 22096E522BA4002000FB20F2 /* HexagonParameters.swift */; };
		22096E582BA4002000FB20F2 /* BadgeSymbol.swift in Sources */ = {isa = PBXBuildFile; fileRef = 22096E532BA4002000FB20F2 /* BadgeSymbol.swift */; };
		22096E592BA4002000FB20F2 /* BadgeBackground.swift in Sources */ = {isa = PBXBuildFile; fileRef = 22096E542BA4002000FB20F2 /* BadgeBackground.swift */; };
		22096E5A2BA4002000FB20F2 /* Badge.swift in Sources */ = {isa = PBXBuildFile; fileRef = 22096E552BA4002000FB20F2 /* Badge.swift */; };
		22096E602BA4012600FB20F2 /* GraphCapsule.swift in Sources */ = {isa = PBXBuildFile; fileRef = 22096E5C2BA4012600FB20F2 /* GraphCapsule.swift */; };
		22096E612BA4012600FB20F2 /* HikeGraph.swift in Sources */ = {isa = PBXBuildFile; fileRef = 22096E5D2BA4012600FB20F2 /* HikeGraph.swift */; };
		22096E622BA4012600FB20F2 /* HikeDetail.swift in Sources */ = {isa = PBXBuildFile; fileRef = 22096E5E2BA4012600FB20F2 /* HikeDetail.swift */; };
		22096E632BA4012600FB20F2 /* HikeView.swift in Sources */ = {isa = PBXBuildFile; fileRef = 22096E5F2BA4012600FB20F2 /* HikeView.swift */; };
		22096E652BA4012F00FB20F2 /* hikeData.json in Resources */ = {isa = PBXBuildFile; fileRef = 22096E642BA4012F00FB20F2 /* hikeData.json */; };
		22096E672BA4018500FB20F2 /* Hike.swift in Sources */ = {isa = PBXBuildFile; fileRef = 22096E662BA4018500FB20F2 /* Hike.swift */; };
		22096E6C2BA6774A00FB20F2 /* CategoryHome.swift in Sources */ = {isa = PBXBuildFile; fileRef = 22096E6B2BA6774A00FB20F2 /* CategoryHome.swift */; };
		22096E6E2BA67C6900FB20F2 /* CategoryRow.swift in Sources */ = {isa = PBXBuildFile; fileRef = 22096E6D2BA67C6900FB20F2 /* CategoryRow.swift */; };
		22096E702BA67DEF00FB20F2 /* CategoryItem.swift in Sources */ = {isa = PBXBuildFile; fileRef = 22096E6F2BA67DEF00FB20F2 /* CategoryItem.swift */; };
		22096E722BA68C0800FB20F2 /* Profile.swift in Sources */ = {isa = PBXBuildFile; fileRef = 22096E712BA68C0800FB20F2 /* Profile.swift */; };
		22096E772BA690A700FB20F2 /* ProfileHost.swift in Sources */ = {isa = PBXBuildFile; fileRef = 22096E762BA690A700FB20F2 /* ProfileHost.swift */; };
		22096E792BA691C500FB20F2 /* ProfileSummary.swift in Sources */ = {isa = PBXBuildFile; fileRef = 22096E782BA691C500FB20F2 /* ProfileSummary.swift */; };
		22096E7B2BA69D6700FB20F2 /* HikeBadge.swift in Sources */ = {isa = PBXBuildFile; fileRef = 22096E7A2BA69D6700FB20F2 /* HikeBadge.swift */; };
		2216756B2B9DFED9000C0E9B /* HelloSwiftUIApp.swift in Sources */ = {isa = PBXBuildFile; fileRef = 2216756A2B9DFED9000C0E9B /* HelloSwiftUIApp.swift */; };
		2216756F2B9DFEDB000C0E9B /* Assets.xcassets in Resources */ = {isa = PBXBuildFile; fileRef = 2216756E2B9DFEDB000C0E9B /* Assets.xcassets */; };
		221675722B9DFEDB000C0E9B /* Preview Assets.xcassets in Resources */ = {isa = PBXBuildFile; fileRef = 221675712B9DFEDB000C0E9B /* Preview Assets.xcassets */; };
		2216757C2B9DFEDB000C0E9B /* HelloSwiftUITests.swift in Sources */ = {isa = PBXBuildFile; fileRef = 2216757B2B9DFEDB000C0E9B /* HelloSwiftUITests.swift */; };
		221675862B9DFEDB000C0E9B /* HelloSwiftUIUITests.swift in Sources */ = {isa = PBXBuildFile; fileRef = 221675852B9DFEDB000C0E9B /* HelloSwiftUIUITests.swift */; };
		221675882B9DFEDB000C0E9B /* HelloSwiftUIUITestsLaunchTests.swift in Sources */ = {isa = PBXBuildFile; fileRef = 221675872B9DFEDB000C0E9B /* HelloSwiftUIUITestsLaunchTests.swift */; };
		221675AD2B9FE95F000C0E9B /* umbagog@2x.jpg in Resources */ = {isa = PBXBuildFile; fileRef = 221675A02B9FE95F000C0E9B /* umbagog@2x.jpg */; };
		221675AE2B9FE95F000C0E9B /* twinlake@2x.jpg in Resources */ = {isa = PBXBuildFile; fileRef = 221675A12B9FE95F000C0E9B /* twinlake@2x.jpg */; };
		221675AF2B9FE95F000C0E9B /* chincoteague@2x.jpg in Resources */ = {isa = PBXBuildFile; fileRef = 221675A22B9FE95F000C0E9B /* chincoteague@2x.jpg */; };
		221675B02B9FE95F000C0E9B /* lakemcdonald@2x.jpg in Resources */ = {isa = PBXBuildFile; fileRef = 221675A32B9FE95F000C0E9B /* lakemcdonald@2x.jpg */; };
		221675B12B9FE95F000C0E9B /* silversalmoncreek@2x.jpg in Resources */ = {isa = PBXBuildFile; fileRef = 221675A42B9FE95F000C0E9B /* silversalmoncreek@2x.jpg */; };
		221675B22B9FE95F000C0E9B /* icybay@2x.jpg in Resources */ = {isa = PBXBuildFile; fileRef = 221675A52B9FE95F000C0E9B /* icybay@2x.jpg */; };
		221675B32B9FE95F000C0E9B /* hiddenlake@2x.jpg in Resources */ = {isa = PBXBuildFile; fileRef = 221675A62B9FE95F000C0E9B /* hiddenlake@2x.jpg */; };
		221675B42B9FE95F000C0E9B /* chilkoottrail@2x.jpg in Resources */ = {isa = PBXBuildFile; fileRef = 221675A72B9FE95F000C0E9B /* chilkoottrail@2x.jpg */; };
		221675B52B9FE95F000C0E9B /* stmarylake@2x.jpg in Resources */ = {isa = PBXBuildFile; fileRef = 221675A82B9FE95F000C0E9B /* stmarylake@2x.jpg */; };
		221675B62B9FE95F000C0E9B /* charleyrivers@2x.jpg in Resources */ = {isa = PBXBuildFile; fileRef = 221675A92B9FE95F000C0E9B /* charleyrivers@2x.jpg */; };
		221675B72B9FE95F000C0E9B /* rainbowlake@2x.jpg in Resources */ = {isa = PBXBuildFile; fileRef = 221675AA2B9FE95F000C0E9B /* rainbowlake@2x.jpg */; };
		221675B82B9FE95F000C0E9B /* landmarkData.json in Resources */ = {isa = PBXBuildFile; fileRef = 221675AB2B9FE95F000C0E9B /* landmarkData.json */; };
		22A435A82B9FFA8800F026DF /* ModelData.swift in Sources */ = {isa = PBXBuildFile; fileRef = 22A435A62B9FFA8800F026DF /* ModelData.swift */; };
		22A435A92B9FFA8800F026DF /* Landmark.swift in Sources */ = {isa = PBXBuildFile; fileRef = 22A435A72B9FFA8800F026DF /* Landmark.swift */; };
		22A435B42BA0284800F026DF /* turtlerock@2x.jpg in Resources */ = {isa = PBXBuildFile; fileRef = 22A435B32BA0284800F026DF /* turtlerock@2x.jpg */; };
/* End PBXBuildFile section */

/* Begin PBXContainerItemProxy section */
		221675782B9DFEDB000C0E9B /* PBXContainerItemProxy */ = {
			isa = PBXContainerItemProxy;
			containerPortal = 2216755F2B9DFED9000C0E9B /* Project object */;
			proxyType = 1;
			remoteGlobalIDString = 221675662B9DFED9000C0E9B;
			remoteInfo = HelloSwiftUI;
		};
		221675822B9DFEDB000C0E9B /* PBXContainerItemProxy */ = {
			isa = PBXContainerItemProxy;
			containerPortal = 2216755F2B9DFED9000C0E9B /* Project object */;
			proxyType = 1;
			remoteGlobalIDString = 221675662B9DFED9000C0E9B;
			remoteInfo = HelloSwiftUI;
		};
/* End PBXContainerItemProxy section */

/* Begin PBXFileReference section */
		22096E2F2BA355DC00FB20F2 /* LandmarkList.swift */ = {isa = PBXFileReference; fileEncoding = 4; lastKnownFileType = sourcecode.swift; path = LandmarkList.swift; sourceTree = "<group>"; };
		22096E302BA355DC00FB20F2 /* LandmarkDetail.swift */ = {isa = PBXFileReference; fileEncoding = 4; lastKnownFileType = sourcecode.swift; path = LandmarkDetail.swift; sourceTree = "<group>"; };
		22096E312BA355DC00FB20F2 /* LandmarkRow.swift */ = {isa = PBXFileReference; fileEncoding = 4; lastKnownFileType = sourcecode.swift; path = LandmarkRow.swift; sourceTree = "<group>"; };
		22096E332BA355DC00FB20F2 /* MapView.swift */ = {isa = PBXFileReference; fileEncoding = 4; lastKnownFileType = sourcecode.swift; path = MapView.swift; sourceTree = "<group>"; };
		22096E342BA355DC00FB20F2 /* CircleImage.swift */ = {isa = PBXFileReference; fileEncoding = 4; lastKnownFileType = sourcecode.swift; path = CircleImage.swift; sourceTree = "<group>"; };
		22096E352BA355DC00FB20F2 /* FavoriteButton.swift */ = {isa = PBXFileReference; fileEncoding = 4; lastKnownFileType = sourcecode.swift; path = FavoriteButton.swift; sourceTree = "<group>"; };
		22096E362BA355DC00FB20F2 /* ContentView.swift */ = {isa = PBXFileReference; fileEncoding = 4; lastKnownFileType = sourcecode.swift; path = ContentView.swift; sourceTree = "<group>"; };
		22096E482BA3FA3C00FB20F2 /* landmark_app_icon_1024x1024.png */ = {isa = PBXFileReference; lastKnownFileType = image.png; path = landmark_app_icon_1024x1024.png; sourceTree = "<group>"; };
		22096E512BA4002000FB20F2 /* RotatedBadgeSymbol.swift */ = {isa = PBXFileReference; fileEncoding = 4; lastKnownFileType = sourcecode.swift; path = RotatedBadgeSymbol.swift; sourceTree = "<group>"; };
		22096E522BA4002000FB20F2 /* HexagonParameters.swift */ = {isa = PBXFileReference; fileEncoding = 4; lastKnownFileType = sourcecode.swift; path = HexagonParameters.swift; sourceTree = "<group>"; };
		22096E532BA4002000FB20F2 /* BadgeSymbol.swift */ = {isa = PBXFileReference; fileEncoding = 4; lastKnownFileType = sourcecode.swift; path = BadgeSymbol.swift; sourceTree = "<group>"; };
		22096E542BA4002000FB20F2 /* BadgeBackground.swift */ = {isa = PBXFileReference; fileEncoding = 4; lastKnownFileType = sourcecode.swift; path = BadgeBackground.swift; sourceTree = "<group>"; };
		22096E552BA4002000FB20F2 /* Badge.swift */ = {isa = PBXFileReference; fileEncoding = 4; lastKnownFileType = sourcecode.swift; path = Badge.swift; sourceTree = "<group>"; };
		22096E5C2BA4012600FB20F2 /* GraphCapsule.swift */ = {isa = PBXFileReference; fileEncoding = 4; lastKnownFileType = sourcecode.swift; path = GraphCapsule.swift; sourceTree = "<group>"; };
		22096E5D2BA4012600FB20F2 /* HikeGraph.swift */ = {isa = PBXFileReference; fileEncoding = 4; lastKnownFileType = sourcecode.swift; path = HikeGraph.swift; sourceTree = "<group>"; };
		22096E5E2BA4012600FB20F2 /* HikeDetail.swift */ = {isa = PBXFileReference; fileEncoding = 4; lastKnownFileType = sourcecode.swift; path = HikeDetail.swift; sourceTree = "<group>"; };
		22096E5F2BA4012600FB20F2 /* HikeView.swift */ = {isa = PBXFileReference; fileEncoding = 4; lastKnownFileType = sourcecode.swift; path = HikeView.swift; sourceTree = "<group>"; };
		22096E642BA4012F00FB20F2 /* hikeData.json */ = {isa = PBXFileReference; fileEncoding = 4; lastKnownFileType = text.json; path = hikeData.json; sourceTree = "<group>"; };
		22096E662BA4018500FB20F2 /* Hike.swift */ = {isa = PBXFileReference; lastKnownFileType = sourcecode.swift; path = Hike.swift; sourceTree = "<group>"; };
		22096E6B2BA6774A00FB20F2 /* CategoryHome.swift */ = {isa = PBXFileReference; fileEncoding = 4; lastKnownFileType = sourcecode.swift; path = CategoryHome.swift; sourceTree = "<group>"; };
		22096E6D2BA67C6900FB20F2 /* CategoryRow.swift */ = {isa = PBXFileReference; lastKnownFileType = sourcecode.swift; path = CategoryRow.swift; sourceTree = "<group>"; };
		22096E6F2BA67DEF00FB20F2 /* CategoryItem.swift */ = {isa = PBXFileReference; lastKnownFileType = sourcecode.swift; path = CategoryItem.swift; sourceTree = "<group>"; };
		22096E712BA68C0800FB20F2 /* Profile.swift */ = {isa = PBXFileReference; lastKnownFileType = sourcecode.swift; path = Profile.swift; sourceTree = "<group>"; };
		22096E762BA690A700FB20F2 /* ProfileHost.swift */ = {isa = PBXFileReference; lastKnownFileType = sourcecode.swift; path = ProfileHost.swift; sourceTree = "<group>"; };
		22096E782BA691C500FB20F2 /* ProfileSummary.swift */ = {isa = PBXFileReference; lastKnownFileType = sourcecode.swift; path = ProfileSummary.swift; sourceTree = "<group>"; };
		22096E7A2BA69D6700FB20F2 /* HikeBadge.swift */ = {isa = PBXFileReference; lastKnownFileType = sourcecode.swift; path = HikeBadge.swift; sourceTree = "<group>"; };
		221675672B9DFED9000C0E9B /* HelloSwiftUI.app */ = {isa = PBXFileReference; explicitFileType = wrapper.application; includeInIndex = 0; path = HelloSwiftUI.app; sourceTree = BUILT_PRODUCTS_DIR; };
		2216756A2B9DFED9000C0E9B /* HelloSwiftUIApp.swift */ = {isa = PBXFileReference; lastKnownFileType = sourcecode.swift; path = HelloSwiftUIApp.swift; sourceTree = "<group>"; };
		2216756E2B9DFEDB000C0E9B /* Assets.xcassets */ = {isa = PBXFileReference; lastKnownFileType = folder.assetcatalog; path = Assets.xcassets; sourceTree = "<group>"; };
		221675712B9DFEDB000C0E9B /* Preview Assets.xcassets */ = {isa = PBXFileReference; lastKnownFileType = folder.assetcatalog; path = "Preview Assets.xcassets"; sourceTree = "<group>"; };
		221675772B9DFEDB000C0E9B /* HelloSwiftUITests.xctest */ = {isa = PBXFileReference; explicitFileType = wrapper.cfbundle; includeInIndex = 0; path = HelloSwiftUITests.xctest; sourceTree = BUILT_PRODUCTS_DIR; };
		2216757B2B9DFEDB000C0E9B /* HelloSwiftUITests.swift */ = {isa = PBXFileReference; lastKnownFileType = sourcecode.swift; path = HelloSwiftUITests.swift; sourceTree = "<group>"; };
		221675812B9DFEDB000C0E9B /* HelloSwiftUIUITests.xctest */ = {isa = PBXFileReference; explicitFileType = wrapper.cfbundle; includeInIndex = 0; path = HelloSwiftUIUITests.xctest; sourceTree = BUILT_PRODUCTS_DIR; };
		221675852B9DFEDB000C0E9B /* HelloSwiftUIUITests.swift */ = {isa = PBXFileReference; lastKnownFileType = sourcecode.swift; path = HelloSwiftUIUITests.swift; sourceTree = "<group>"; };
		221675872B9DFEDB000C0E9B /* HelloSwiftUIUITestsLaunchTests.swift */ = {isa = PBXFileReference; lastKnownFileType = sourcecode.swift; path = HelloSwiftUIUITestsLaunchTests.swift; sourceTree = "<group>"; };
		221675A02B9FE95F000C0E9B /* umbagog@2x.jpg */ = {isa = PBXFileReference; lastKnownFileType = image.jpeg; path = "umbagog@2x.jpg"; sourceTree = "<group>"; };
		221675A12B9FE95F000C0E9B /* twinlake@2x.jpg */ = {isa = PBXFileReference; lastKnownFileType = image.jpeg; path = "twinlake@2x.jpg"; sourceTree = "<group>"; };
		221675A22B9FE95F000C0E9B /* chincoteague@2x.jpg */ = {isa = PBXFileReference; lastKnownFileType = image.jpeg; path = "chincoteague@2x.jpg"; sourceTree = "<group>"; };
		221675A32B9FE95F000C0E9B /* lakemcdonald@2x.jpg */ = {isa = PBXFileReference; lastKnownFileType = image.jpeg; path = "lakemcdonald@2x.jpg"; sourceTree = "<group>"; };
		221675A42B9FE95F000C0E9B /* silversalmoncreek@2x.jpg */ = {isa = PBXFileReference; lastKnownFileType = image.jpeg; path = "silversalmoncreek@2x.jpg"; sourceTree = "<group>"; };
		221675A52B9FE95F000C0E9B /* icybay@2x.jpg */ = {isa = PBXFileReference; lastKnownFileType = image.jpeg; path = "icybay@2x.jpg"; sourceTree = "<group>"; };
		221675A62B9FE95F000C0E9B /* hiddenlake@2x.jpg */ = {isa = PBXFileReference; lastKnownFileType = image.jpeg; path = "hiddenlake@2x.jpg"; sourceTree = "<group>"; };
		221675A72B9FE95F000C0E9B /* chilkoottrail@2x.jpg */ = {isa = PBXFileReference; lastKnownFileType = image.jpeg; path = "chilkoottrail@2x.jpg"; sourceTree = "<group>"; };
		221675A82B9FE95F000C0E9B /* stmarylake@2x.jpg */ = {isa = PBXFileReference; lastKnownFileType = image.jpeg; path = "stmarylake@2x.jpg"; sourceTree = "<group>"; };
		221675A92B9FE95F000C0E9B /* charleyrivers@2x.jpg */ = {isa = PBXFileReference; lastKnownFileType = image.jpeg; path = "charleyrivers@2x.jpg"; sourceTree = "<group>"; };
		221675AA2B9FE95F000C0E9B /* rainbowlake@2x.jpg */ = {isa = PBXFileReference; lastKnownFileType = image.jpeg; path = "rainbowlake@2x.jpg"; sourceTree = "<group>"; };
		221675AB2B9FE95F000C0E9B /* landmarkData.json */ = {isa = PBXFileReference; fileEncoding = 4; lastKnownFileType = text.json; path = landmarkData.json; sourceTree = "<group>"; };
		22A435A62B9FFA8800F026DF /* ModelData.swift */ = {isa = PBXFileReference; fileEncoding = 4; lastKnownFileType = sourcecode.swift; path = ModelData.swift; sourceTree = "<group>"; };
		22A435A72B9FFA8800F026DF /* Landmark.swift */ = {isa = PBXFileReference; fileEncoding = 4; lastKnownFileType = sourcecode.swift; path = Landmark.swift; sourceTree = "<group>"; };
		22A435B32BA0284800F026DF /* turtlerock@2x.jpg */ = {isa = PBXFileReference; lastKnownFileType = image.jpeg; path = "turtlerock@2x.jpg"; sourceTree = "<group>"; };
/* End PBXFileReference section */

/* Begin PBXFrameworksBuildPhase section */
		221675642B9DFED9000C0E9B /* Frameworks */ = {
			isa = PBXFrameworksBuildPhase;
			buildActionMask = 2147483647;
			files = (
			);
			runOnlyForDeploymentPostprocessing = 0;
		};
		221675742B9DFEDB000C0E9B /* Frameworks */ = {
			isa = PBXFrameworksBuildPhase;
			buildActionMask = 2147483647;
			files = (
			);
			runOnlyForDeploymentPostprocessing = 0;
		};
		2216757E2B9DFEDB000C0E9B /* Frameworks */ = {
			isa = PBXFrameworksBuildPhase;
			buildActionMask = 2147483647;
			files = (
			);
			runOnlyForDeploymentPostprocessing = 0;
		};
/* End PBXFrameworksBuildPhase section */

/* Begin PBXGroup section */
		22096E2D2BA355DC00FB20F2 /* Views */ = {
			isa = PBXGroup;
			children = (
				22096E752BA6906E00FB20F2 /* Profiles */,
				22096E6A2BA6774A00FB20F2 /* Categories */,
				22096E5B2BA4012600FB20F2 /* Hikes */,
				22096E502BA4002000FB20F2 /* Badges */,
				22096E2E2BA355DC00FB20F2 /* Landmarks */,
				22096E322BA355DC00FB20F2 /* Helper */,
				22096E362BA355DC00FB20F2 /* ContentView.swift */,
			);
			path = Views;
			sourceTree = "<group>";
		};
		22096E2E2BA355DC00FB20F2 /* Landmarks */ = {
			isa = PBXGroup;
			children = (
				22096E2F2BA355DC00FB20F2 /* LandmarkList.swift */,
				22096E302BA355DC00FB20F2 /* LandmarkDetail.swift */,
				22096E312BA355DC00FB20F2 /* LandmarkRow.swift */,
			);
			path = Landmarks;
			sourceTree = "<group>";
		};
		22096E322BA355DC00FB20F2 /* Helper */ = {
			isa = PBXGroup;
			children = (
				22096E332BA355DC00FB20F2 /* MapView.swift */,
				22096E342BA355DC00FB20F2 /* CircleImage.swift */,
				22096E352BA355DC00FB20F2 /* FavoriteButton.swift */,
			);
			path = Helper;
			sourceTree = "<group>";
		};
		22096E502BA4002000FB20F2 /* Badges */ = {
			isa = PBXGroup;
			children = (
				22096E512BA4002000FB20F2 /* RotatedBadgeSymbol.swift */,
				22096E522BA4002000FB20F2 /* HexagonParameters.swift */,
				22096E532BA4002000FB20F2 /* BadgeSymbol.swift */,
				22096E542BA4002000FB20F2 /* BadgeBackground.swift */,
				22096E552BA4002000FB20F2 /* Badge.swift */,
			);
			name = Badges;
			path = HelloSwiftUI/Views/Badges;
			sourceTree = SOURCE_ROOT;
		};
		22096E5B2BA4012600FB20F2 /* Hikes */ = {
			isa = PBXGroup;
			children = (
				22096E5C2BA4012600FB20F2 /* GraphCapsule.swift */,
				22096E5D2BA4012600FB20F2 /* HikeGraph.swift */,
				22096E5E2BA4012600FB20F2 /* HikeDetail.swift */,
				22096E5F2BA4012600FB20F2 /* HikeView.swift */,
				22096E7A2BA69D6700FB20F2 /* HikeBadge.swift */,
			);
			path = Hikes;
			sourceTree = "<group>";
		};
		22096E6A2BA6774A00FB20F2 /* Categories */ = {
			isa = PBXGroup;
			children = (
				22096E6B2BA6774A00FB20F2 /* CategoryHome.swift */,
				22096E6D2BA67C6900FB20F2 /* CategoryRow.swift */,
				22096E6F2BA67DEF00FB20F2 /* CategoryItem.swift */,
			);
			path = Categories;
			sourceTree = "<group>";
		};
		22096E752BA6906E00FB20F2 /* Profiles */ = {
			isa = PBXGroup;
			children = (
				22096E762BA690A700FB20F2 /* ProfileHost.swift */,
				22096E782BA691C500FB20F2 /* ProfileSummary.swift */,
			);
			path = Profiles;
			sourceTree = "<group>";
		};
		2216755E2B9DFED9000C0E9B = {
			isa = PBXGroup;
			children = (
				221675692B9DFED9000C0E9B /* HelloSwiftUI */,
				2216757A2B9DFEDB000C0E9B /* HelloSwiftUITests */,
				221675842B9DFEDB000C0E9B /* HelloSwiftUIUITests */,
				221675682B9DFED9000C0E9B /* Products */,
			);
			sourceTree = "<group>";
		};
		221675682B9DFED9000C0E9B /* Products */ = {
			isa = PBXGroup;
			children = (
				221675672B9DFED9000C0E9B /* HelloSwiftUI.app */,
				221675772B9DFEDB000C0E9B /* HelloSwiftUITests.xctest */,
				221675812B9DFEDB000C0E9B /* HelloSwiftUIUITests.xctest */,
			);
			name = Products;
			sourceTree = "<group>";
		};
		221675692B9DFED9000C0E9B /* HelloSwiftUI */ = {
			isa = PBXGroup;
			children = (
				22096E2D2BA355DC00FB20F2 /* Views */,
				2216756A2B9DFED9000C0E9B /* HelloSwiftUIApp.swift */,
				22A435A52B9FFA8800F026DF /* Models */,
				2216756E2B9DFEDB000C0E9B /* Assets.xcassets */,
				2216759C2B9FE95F000C0E9B /* Resources */,
				221675702B9DFEDB000C0E9B /* Preview Content */,
			);
			path = HelloSwiftUI;
			sourceTree = "<group>";
		};
		221675702B9DFEDB000C0E9B /* Preview Content */ = {
			isa = PBXGroup;
			children = (
				221675712B9DFEDB000C0E9B /* Preview Assets.xcassets */,
			);
			path = "Preview Content";
			sourceTree = "<group>";
		};
		2216757A2B9DFEDB000C0E9B /* HelloSwiftUITests */ = {
			isa = PBXGroup;
			children = (
				2216757B2B9DFEDB000C0E9B /* HelloSwiftUITests.swift */,
			);
			path = HelloSwiftUITests;
			sourceTree = "<group>";
		};
		221675842B9DFEDB000C0E9B /* HelloSwiftUIUITests */ = {
			isa = PBXGroup;
			children = (
				221675852B9DFEDB000C0E9B /* HelloSwiftUIUITests.swift */,
				221675872B9DFEDB000C0E9B /* HelloSwiftUIUITestsLaunchTests.swift */,
			);
			path = HelloSwiftUIUITests;
			sourceTree = "<group>";
		};
		2216759C2B9FE95F000C0E9B /* Resources */ = {
			isa = PBXGroup;
			children = (
				22096E642BA4012F00FB20F2 /* hikeData.json */,
				2216759F2B9FE95F000C0E9B /* Images */,
				221675AB2B9FE95F000C0E9B /* landmarkData.json */,
			);
			name = Resources;
			path = HelloSwiftUIUITests/Resources;
			sourceTree = SOURCE_ROOT;
		};
		2216759F2B9FE95F000C0E9B /* Images */ = {
			isa = PBXGroup;
			children = (
				22096E482BA3FA3C00FB20F2 /* landmark_app_icon_1024x1024.png */,
				22A435B32BA0284800F026DF /* turtlerock@2x.jpg */,
				221675A02B9FE95F000C0E9B /* umbagog@2x.jpg */,
				221675A12B9FE95F000C0E9B /* twinlake@2x.jpg */,
				221675A22B9FE95F000C0E9B /* chincoteague@2x.jpg */,
				221675A32B9FE95F000C0E9B /* lakemcdonald@2x.jpg */,
				221675A42B9FE95F000C0E9B /* silversalmoncreek@2x.jpg */,
				221675A52B9FE95F000C0E9B /* icybay@2x.jpg */,
				221675A62B9FE95F000C0E9B /* hiddenlake@2x.jpg */,
				221675A72B9FE95F000C0E9B /* chilkoottrail@2x.jpg */,
				221675A82B9FE95F000C0E9B /* stmarylake@2x.jpg */,
				221675A92B9FE95F000C0E9B /* charleyrivers@2x.jpg */,
				221675AA2B9FE95F000C0E9B /* rainbowlake@2x.jpg */,
			);
			path = Images;
			sourceTree = "<group>";
		};
		22A435A52B9FFA8800F026DF /* Models */ = {
			isa = PBXGroup;
			children = (
				22A435A62B9FFA8800F026DF /* ModelData.swift */,
				22A435A72B9FFA8800F026DF /* Landmark.swift */,
				22096E662BA4018500FB20F2 /* Hike.swift */,
				22096E712BA68C0800FB20F2 /* Profile.swift */,
			);
			path = Models;
			sourceTree = "<group>";
		};
/* End PBXGroup section */

/* Begin PBXNativeTarget section */
		221675662B9DFED9000C0E9B /* HelloSwiftUI */ = {
			isa = PBXNativeTarget;
			buildConfigurationList = 2216758B2B9DFEDB000C0E9B /* Build configuration list for PBXNativeTarget "HelloSwiftUI" */;
			buildPhases = (
				221675632B9DFED9000C0E9B /* Sources */,
				221675642B9DFED9000C0E9B /* Frameworks */,
				221675652B9DFED9000C0E9B /* Resources */,
			);
			buildRules = (
			);
			dependencies = (
			);
			name = HelloSwiftUI;
			productName = HelloSwiftUI;
			productReference = 221675672B9DFED9000C0E9B /* HelloSwiftUI.app */;
			productType = "com.apple.product-type.application";
		};
		221675762B9DFEDB000C0E9B /* HelloSwiftUITests */ = {
			isa = PBXNativeTarget;
			buildConfigurationList = 2216758E2B9DFEDB000C0E9B /* Build configuration list for PBXNativeTarget "HelloSwiftUITests" */;
			buildPhases = (
				221675732B9DFEDB000C0E9B /* Sources */,
				221675742B9DFEDB000C0E9B /* Frameworks */,
				221675752B9DFEDB000C0E9B /* Resources */,
			);
			buildRules = (
			);
			dependencies = (
				221675792B9DFEDB000C0E9B /* PBXTargetDependency */,
			);
			name = HelloSwiftUITests;
			productName = HelloSwiftUITests;
			productReference = 221675772B9DFEDB000C0E9B /* HelloSwiftUITests.xctest */;
			productType = "com.apple.product-type.bundle.unit-test";
		};
		221675802B9DFEDB000C0E9B /* HelloSwiftUIUITests */ = {
			isa = PBXNativeTarget;
			buildConfigurationList = 221675912B9DFEDB000C0E9B /* Build configuration list for PBXNativeTarget "HelloSwiftUIUITests" */;
			buildPhases = (
				2216757D2B9DFEDB000C0E9B /* Sources */,
				2216757E2B9DFEDB000C0E9B /* Frameworks */,
				2216757F2B9DFEDB000C0E9B /* Resources */,
			);
			buildRules = (
			);
			dependencies = (
				221675832B9DFEDB000C0E9B /* PBXTargetDependency */,
			);
			name = HelloSwiftUIUITests;
			productName = HelloSwiftUIUITests;
			productReference = 221675812B9DFEDB000C0E9B /* HelloSwiftUIUITests.xctest */;
			productType = "com.apple.product-type.bundle.ui-testing";
		};
/* End PBXNativeTarget section */

/* Begin PBXProject section */
		2216755F2B9DFED9000C0E9B /* Project object */ = {
			isa = PBXProject;
			attributes = {
				BuildIndependentTargetsInParallel = 1;
				LastSwiftUpdateCheck = 1520;
				LastUpgradeCheck = 1520;
				TargetAttributes = {
					221675662B9DFED9000C0E9B = {
						CreatedOnToolsVersion = 15.2;
					};
					221675762B9DFEDB000C0E9B = {
						CreatedOnToolsVersion = 15.2;
						TestTargetID = 221675662B9DFED9000C0E9B;
					};
					221675802B9DFEDB000C0E9B = {
						CreatedOnToolsVersion = 15.2;
						TestTargetID = 221675662B9DFED9000C0E9B;
					};
				};
			};
			buildConfigurationList = 221675622B9DFED9000C0E9B /* Build configuration list for PBXProject "HelloSwiftUI" */;
			compatibilityVersion = "Xcode 14.0";
			developmentRegion = en;
			hasScannedForEncodings = 0;
			knownRegions = (
				en,
				Base,
			);
			mainGroup = 2216755E2B9DFED9000C0E9B;
			productRefGroup = 221675682B9DFED9000C0E9B /* Products */;
			projectDirPath = "";
			projectRoot = "";
			targets = (
				221675662B9DFED9000C0E9B /* HelloSwiftUI */,
				221675762B9DFEDB000C0E9B /* HelloSwiftUITests */,
				221675802B9DFEDB000C0E9B /* HelloSwiftUIUITests */,
			);
		};
/* End PBXProject section */

/* Begin PBXResourcesBuildPhase section */
		221675652B9DFED9000C0E9B /* Resources */ = {
			isa = PBXResourcesBuildPhase;
			buildActionMask = 2147483647;
			files = (
				221675B62B9FE95F000C0E9B /* charleyrivers@2x.jpg in Resources */,
				22096E492BA3FA3C00FB20F2 /* landmark_app_icon_1024x1024.png in Resources */,
				221675B32B9FE95F000C0E9B /* hiddenlake@2x.jpg in Resources */,
				22096E652BA4012F00FB20F2 /* hikeData.json in Resources */,
				221675AD2B9FE95F000C0E9B /* umbagog@2x.jpg in Resources */,
				221675B72B9FE95F000C0E9B /* rainbowlake@2x.jpg in Resources */,
				221675B22B9FE95F000C0E9B /* icybay@2x.jpg in Resources */,
				22A435B42BA0284800F026DF /* turtlerock@2x.jpg in Resources */,
				221675B12B9FE95F000C0E9B /* silversalmoncreek@2x.jpg in Resources */,
				221675722B9DFEDB000C0E9B /* Preview Assets.xcassets in Resources */,
				221675B82B9FE95F000C0E9B /* landmarkData.json in Resources */,
				221675AE2B9FE95F000C0E9B /* twinlake@2x.jpg in Resources */,
				221675B52B9FE95F000C0E9B /* stmarylake@2x.jpg in Resources */,
				221675B02B9FE95F000C0E9B /* lakemcdonald@2x.jpg in Resources */,
				221675B42B9FE95F000C0E9B /* chilkoottrail@2x.jpg in Resources */,
				2216756F2B9DFEDB000C0E9B /* Assets.xcassets in Resources */,
				221675AF2B9FE95F000C0E9B /* chincoteague@2x.jpg in Resources */,
			);
			runOnlyForDeploymentPostprocessing = 0;
		};
		221675752B9DFEDB000C0E9B /* Resources */ = {
			isa = PBXResourcesBuildPhase;
			buildActionMask = 2147483647;
			files = (
			);
			runOnlyForDeploymentPostprocessing = 0;
		};
		2216757F2B9DFEDB000C0E9B /* Resources */ = {
			isa = PBXResourcesBuildPhase;
			buildActionMask = 2147483647;
			files = (
			);
			runOnlyForDeploymentPostprocessing = 0;
		};
/* End PBXResourcesBuildPhase section */

/* Begin PBXSourcesBuildPhase section */
		221675632B9DFED9000C0E9B /* Sources */ = {
			isa = PBXSourcesBuildPhase;
			buildActionMask = 2147483647;
			files = (
				22096E6E2BA67C6900FB20F2 /* CategoryRow.swift in Sources */,
				22096E722BA68C0800FB20F2 /* Profile.swift in Sources */,
				22096E572BA4002000FB20F2 /* HexagonParameters.swift in Sources */,
				22096E6C2BA6774A00FB20F2 /* CategoryHome.swift in Sources */,
				22096E5A2BA4002000FB20F2 /* Badge.swift in Sources */,
				22096E3A2BA355DD00FB20F2 /* MapView.swift in Sources */,
				22096E3B2BA355DD00FB20F2 /* CircleImage.swift in Sources */,
				22096E632BA4012600FB20F2 /* HikeView.swift in Sources */,
				22096E562BA4002000FB20F2 /* RotatedBadgeSymbol.swift in Sources */,
				2216756B2B9DFED9000C0E9B /* HelloSwiftUIApp.swift in Sources */,
				22096E702BA67DEF00FB20F2 /* CategoryItem.swift in Sources */,
				22096E582BA4002000FB20F2 /* BadgeSymbol.swift in Sources */,
				22096E792BA691C500FB20F2 /* ProfileSummary.swift in Sources */,
				22096E3C2BA355DD00FB20F2 /* FavoriteButton.swift in Sources */,
				22096E772BA690A700FB20F2 /* ProfileHost.swift in Sources */,
				22A435A92B9FFA8800F026DF /* Landmark.swift in Sources */,
				22096E672BA4018500FB20F2 /* Hike.swift in Sources */,
				22096E392BA355DD00FB20F2 /* LandmarkRow.swift in Sources */,
				22096E592BA4002000FB20F2 /* BadgeBackground.swift in Sources */,
				22096E622BA4012600FB20F2 /* HikeDetail.swift in Sources */,
				22096E3D2BA355DD00FB20F2 /* ContentView.swift in Sources */,
				22096E602BA4012600FB20F2 /* GraphCapsule.swift in Sources */,
				22096E7B2BA69D6700FB20F2 /* HikeBadge.swift in Sources */,
				22A435A82B9FFA8800F026DF /* ModelData.swift in Sources */,
				22096E382BA355DD00FB20F2 /* LandmarkDetail.swift in Sources */,
				22096E372BA355DD00FB20F2 /* LandmarkList.swift in Sources */,
				22096E612BA4012600FB20F2 /* HikeGraph.swift in Sources */,
			);
			runOnlyForDeploymentPostprocessing = 0;
		};
		221675732B9DFEDB000C0E9B /* Sources */ = {
			isa = PBXSourcesBuildPhase;
			buildActionMask = 2147483647;
			files = (
				2216757C2B9DFEDB000C0E9B /* HelloSwiftUITests.swift in Sources */,
			);
			runOnlyForDeploymentPostprocessing = 0;
		};
		2216757D2B9DFEDB000C0E9B /* Sources */ = {
			isa = PBXSourcesBuildPhase;
			buildActionMask = 2147483647;
			files = (
				221675862B9DFEDB000C0E9B /* HelloSwiftUIUITests.swift in Sources */,
				221675882B9DFEDB000C0E9B /* HelloSwiftUIUITestsLaunchTests.swift in Sources */,
			);
			runOnlyForDeploymentPostprocessing = 0;
		};
/* End PBXSourcesBuildPhase section */

/* Begin PBXTargetDependency section */
		221675792B9DFEDB000C0E9B /* PBXTargetDependency */ = {
			isa = PBXTargetDependency;
			target = 221675662B9DFED9000C0E9B /* HelloSwiftUI */;
			targetProxy = 221675782B9DFEDB000C0E9B /* PBXContainerItemProxy */;
		};
		221675832B9DFEDB000C0E9B /* PBXTargetDependency */ = {
			isa = PBXTargetDependency;
			target = 221675662B9DFED9000C0E9B /* HelloSwiftUI */;
			targetProxy = 221675822B9DFEDB000C0E9B /* PBXContainerItemProxy */;
		};
/* End PBXTargetDependency section */

/* Begin XCBuildConfiguration section */
		221675892B9DFEDB000C0E9B /* Debug */ = {
			isa = XCBuildConfiguration;
			buildSettings = {
				ALWAYS_SEARCH_USER_PATHS = NO;
				ASSETCATALOG_COMPILER_GENERATE_SWIFT_ASSET_SYMBOL_EXTENSIONS = YES;
				CLANG_ANALYZER_NONNULL = YES;
				CLANG_ANALYZER_NUMBER_OBJECT_CONVERSION = YES_AGGRESSIVE;
				CLANG_CXX_LANGUAGE_STANDARD = "gnu++20";
				CLANG_ENABLE_MODULES = YES;
				CLANG_ENABLE_OBJC_ARC = YES;
				CLANG_ENABLE_OBJC_WEAK = YES;
				CLANG_WARN_BLOCK_CAPTURE_AUTORELEASING = YES;
				CLANG_WARN_BOOL_CONVERSION = YES;
				CLANG_WARN_COMMA = YES;
				CLANG_WARN_CONSTANT_CONVERSION = YES;
				CLANG_WARN_DEPRECATED_OBJC_IMPLEMENTATIONS = YES;
				CLANG_WARN_DIRECT_OBJC_ISA_USAGE = YES_ERROR;
				CLANG_WARN_DOCUMENTATION_COMMENTS = YES;
				CLANG_WARN_EMPTY_BODY = YES;
				CLANG_WARN_ENUM_CONVERSION = YES;
				CLANG_WARN_INFINITE_RECURSION = YES;
				CLANG_WARN_INT_CONVERSION = YES;
				CLANG_WARN_NON_LITERAL_NULL_CONVERSION = YES;
				CLANG_WARN_OBJC_IMPLICIT_RETAIN_SELF = YES;
				CLANG_WARN_OBJC_LITERAL_CONVERSION = YES;
				CLANG_WARN_OBJC_ROOT_CLASS = YES_ERROR;
				CLANG_WARN_QUOTED_INCLUDE_IN_FRAMEWORK_HEADER = YES;
				CLANG_WARN_RANGE_LOOP_ANALYSIS = YES;
				CLANG_WARN_STRICT_PROTOTYPES = YES;
				CLANG_WARN_SUSPICIOUS_MOVE = YES;
				CLANG_WARN_UNGUARDED_AVAILABILITY = YES_AGGRESSIVE;
				CLANG_WARN_UNREACHABLE_CODE = YES;
				CLANG_WARN__DUPLICATE_METHOD_MATCH = YES;
				COPY_PHASE_STRIP = NO;
				DEBUG_INFORMATION_FORMAT = dwarf;
				ENABLE_STRICT_OBJC_MSGSEND = YES;
				ENABLE_TESTABILITY = YES;
				ENABLE_USER_SCRIPT_SANDBOXING = YES;
				GCC_C_LANGUAGE_STANDARD = gnu17;
				GCC_DYNAMIC_NO_PIC = NO;
				GCC_NO_COMMON_BLOCKS = YES;
				GCC_OPTIMIZATION_LEVEL = 0;
				GCC_PREPROCESSOR_DEFINITIONS = (
					"DEBUG=1",
					"$(inherited)",
				);
				GCC_WARN_64_TO_32_BIT_CONVERSION = YES;
				GCC_WARN_ABOUT_RETURN_TYPE = YES_ERROR;
				GCC_WARN_UNDECLARED_SELECTOR = YES;
				GCC_WARN_UNINITIALIZED_AUTOS = YES_AGGRESSIVE;
				GCC_WARN_UNUSED_FUNCTION = YES;
				GCC_WARN_UNUSED_VARIABLE = YES;
				IPHONEOS_DEPLOYMENT_TARGET = 17.2;
				LOCALIZATION_PREFERS_STRING_CATALOGS = YES;
				MTL_ENABLE_DEBUG_INFO = INCLUDE_SOURCE;
				MTL_FAST_MATH = YES;
				ONLY_ACTIVE_ARCH = YES;
				SDKROOT = iphoneos;
				SWIFT_ACTIVE_COMPILATION_CONDITIONS = "DEBUG $(inherited)";
				SWIFT_OPTIMIZATION_LEVEL = "-Onone";
			};
			name = Debug;
		};
		2216758A2B9DFEDB000C0E9B /* Release */ = {
			isa = XCBuildConfiguration;
			buildSettings = {
				ALWAYS_SEARCH_USER_PATHS = NO;
				ASSETCATALOG_COMPILER_GENERATE_SWIFT_ASSET_SYMBOL_EXTENSIONS = YES;
				CLANG_ANALYZER_NONNULL = YES;
				CLANG_ANALYZER_NUMBER_OBJECT_CONVERSION = YES_AGGRESSIVE;
				CLANG_CXX_LANGUAGE_STANDARD = "gnu++20";
				CLANG_ENABLE_MODULES = YES;
				CLANG_ENABLE_OBJC_ARC = YES;
				CLANG_ENABLE_OBJC_WEAK = YES;
				CLANG_WARN_BLOCK_CAPTURE_AUTORELEASING = YES;
				CLANG_WARN_BOOL_CONVERSION = YES;
				CLANG_WARN_COMMA = YES;
				CLANG_WARN_CONSTANT_CONVERSION = YES;
				CLANG_WARN_DEPRECATED_OBJC_IMPLEMENTATIONS = YES;
				CLANG_WARN_DIRECT_OBJC_ISA_USAGE = YES_ERROR;
				CLANG_WARN_DOCUMENTATION_COMMENTS = YES;
				CLANG_WARN_EMPTY_BODY = YES;
				CLANG_WARN_ENUM_CONVERSION = YES;
				CLANG_WARN_INFINITE_RECURSION = YES;
				CLANG_WARN_INT_CONVERSION = YES;
				CLANG_WARN_NON_LITERAL_NULL_CONVERSION = YES;
				CLANG_WARN_OBJC_IMPLICIT_RETAIN_SELF = YES;
				CLANG_WARN_OBJC_LITERAL_CONVERSION = YES;
				CLANG_WARN_OBJC_ROOT_CLASS = YES_ERROR;
				CLANG_WARN_QUOTED_INCLUDE_IN_FRAMEWORK_HEADER = YES;
				CLANG_WARN_RANGE_LOOP_ANALYSIS = YES;
				CLANG_WARN_STRICT_PROTOTYPES = YES;
				CLANG_WARN_SUSPICIOUS_MOVE = YES;
				CLANG_WARN_UNGUARDED_AVAILABILITY = YES_AGGRESSIVE;
				CLANG_WARN_UNREACHABLE_CODE = YES;
				CLANG_WARN__DUPLICATE_METHOD_MATCH = YES;
				COPY_PHASE_STRIP = NO;
				DEBUG_INFORMATION_FORMAT = "dwarf-with-dsym";
				ENABLE_NS_ASSERTIONS = NO;
				ENABLE_STRICT_OBJC_MSGSEND = YES;
				ENABLE_USER_SCRIPT_SANDBOXING = YES;
				GCC_C_LANGUAGE_STANDARD = gnu17;
				GCC_NO_COMMON_BLOCKS = YES;
				GCC_WARN_64_TO_32_BIT_CONVERSION = YES;
				GCC_WARN_ABOUT_RETURN_TYPE = YES_ERROR;
				GCC_WARN_UNDECLARED_SELECTOR = YES;
				GCC_WARN_UNINITIALIZED_AUTOS = YES_AGGRESSIVE;
				GCC_WARN_UNUSED_FUNCTION = YES;
				GCC_WARN_UNUSED_VARIABLE = YES;
				IPHONEOS_DEPLOYMENT_TARGET = 17.2;
				LOCALIZATION_PREFERS_STRING_CATALOGS = YES;
				MTL_ENABLE_DEBUG_INFO = NO;
				MTL_FAST_MATH = YES;
				SDKROOT = iphoneos;
				SWIFT_COMPILATION_MODE = wholemodule;
				VALIDATE_PRODUCT = YES;
			};
			name = Release;
		};
		2216758C2B9DFEDB000C0E9B /* Debug */ = {
			isa = XCBuildConfiguration;
			buildSettings = {
				ASSETCATALOG_COMPILER_APPICON_NAME = AppIcon;
				ASSETCATALOG_COMPILER_GLOBAL_ACCENT_COLOR_NAME = AccentColor;
				CODE_SIGN_STYLE = Automatic;
				CURRENT_PROJECT_VERSION = 1;
				DEVELOPMENT_ASSET_PATHS = "\"HelloSwiftUI/Preview Content\"";
				DEVELOPMENT_TEAM = 67B8R6CZM3;
				ENABLE_PREVIEWS = YES;
				GENERATE_INFOPLIST_FILE = YES;
				INFOPLIST_KEY_UIApplicationSceneManifest_Generation = YES;
				INFOPLIST_KEY_UIApplicationSupportsIndirectInputEvents = YES;
				INFOPLIST_KEY_UILaunchScreen_Generation = YES;
				INFOPLIST_KEY_UISupportedInterfaceOrientations_iPad = "UIInterfaceOrientationPortrait UIInterfaceOrientationPortraitUpsideDown UIInterfaceOrientationLandscapeLeft UIInterfaceOrientationLandscapeRight";
				INFOPLIST_KEY_UISupportedInterfaceOrientations_iPhone = "UIInterfaceOrientationPortrait UIInterfaceOrientationLandscapeLeft UIInterfaceOrientationLandscapeRight";
				LD_RUNPATH_SEARCH_PATHS = (
					"$(inherited)",
					"@executable_path/Frameworks",
				);
				MARKETING_VERSION = 1.0;
				PRODUCT_BUNDLE_IDENTIFIER = com.udemyKabu.HelloSwiftUI;
				PRODUCT_NAME = "$(TARGET_NAME)";
				SWIFT_EMIT_LOC_STRINGS = YES;
				SWIFT_VERSION = 5.0;
				TARGETED_DEVICE_FAMILY = "1,2";
			};
			name = Debug;
		};
		2216758D2B9DFEDB000C0E9B /* Release */ = {
			isa = XCBuildConfiguration;
			buildSettings = {
				ASSETCATALOG_COMPILER_APPICON_NAME = AppIcon;
				ASSETCATALOG_COMPILER_GLOBAL_ACCENT_COLOR_NAME = AccentColor;
				CODE_SIGN_STYLE = Automatic;
				CURRENT_PROJECT_VERSION = 1;
				DEVELOPMENT_ASSET_PATHS = "\"HelloSwiftUI/Preview Content\"";
				DEVELOPMENT_TEAM = 67B8R6CZM3;
				ENABLE_PREVIEWS = YES;
				GENERATE_INFOPLIST_FILE = YES;
				INFOPLIST_KEY_UIApplicationSceneManifest_Generation = YES;
				INFOPLIST_KEY_UIApplicationSupportsIndirectInputEvents = YES;
				INFOPLIST_KEY_UILaunchScreen_Generation = YES;
				INFOPLIST_KEY_UISupportedInterfaceOrientations_iPad = "UIInterfaceOrientationPortrait UIInterfaceOrientationPortraitUpsideDown UIInterfaceOrientationLandscapeLeft UIInterfaceOrientationLandscapeRight";
				INFOPLIST_KEY_UISupportedInterfaceOrientations_iPhone = "UIInterfaceOrientationPortrait UIInterfaceOrientationLandscapeLeft UIInterfaceOrientationLandscapeRight";
				LD_RUNPATH_SEARCH_PATHS = (
					"$(inherited)",
					"@executable_path/Frameworks",
				);
				MARKETING_VERSION = 1.0;
				PRODUCT_BUNDLE_IDENTIFIER = com.udemyKabu.HelloSwiftUI;
				PRODUCT_NAME = "$(TARGET_NAME)";
				SWIFT_EMIT_LOC_STRINGS = YES;
				SWIFT_VERSION = 5.0;
				TARGETED_DEVICE_FAMILY = "1,2";
			};
			name = Release;
		};
		2216758F2B9DFEDB000C0E9B /* Debug */ = {
			isa = XCBuildConfiguration;
			buildSettings = {
				ALWAYS_EMBED_SWIFT_STANDARD_LIBRARIES = YES;
				BUNDLE_LOADER = "$(TEST_HOST)";
				CODE_SIGN_STYLE = Automatic;
				CURRENT_PROJECT_VERSION = 1;
				DEVELOPMENT_TEAM = 67B8R6CZM3;
				GENERATE_INFOPLIST_FILE = YES;
				IPHONEOS_DEPLOYMENT_TARGET = 17.2;
				MARKETING_VERSION = 1.0;
				PRODUCT_BUNDLE_IDENTIFIER = com.udemyKabu.HelloSwiftUITests;
				PRODUCT_NAME = "$(TARGET_NAME)";
				SWIFT_EMIT_LOC_STRINGS = NO;
				SWIFT_VERSION = 5.0;
				TARGETED_DEVICE_FAMILY = "1,2";
				TEST_HOST = "$(BUILT_PRODUCTS_DIR)/HelloSwiftUI.app/$(BUNDLE_EXECUTABLE_FOLDER_PATH)/HelloSwiftUI";
			};
			name = Debug;
		};
		221675902B9DFEDB000C0E9B /* Release */ = {
			isa = XCBuildConfiguration;
			buildSettings = {
				ALWAYS_EMBED_SWIFT_STANDARD_LIBRARIES = YES;
				BUNDLE_LOADER = "$(TEST_HOST)";
				CODE_SIGN_STYLE = Automatic;
				CURRENT_PROJECT_VERSION = 1;
				DEVELOPMENT_TEAM = 67B8R6CZM3;
				GENERATE_INFOPLIST_FILE = YES;
				IPHONEOS_DEPLOYMENT_TARGET = 17.2;
				MARKETING_VERSION = 1.0;
				PRODUCT_BUNDLE_IDENTIFIER = com.udemyKabu.HelloSwiftUITests;
				PRODUCT_NAME = "$(TARGET_NAME)";
				SWIFT_EMIT_LOC_STRINGS = NO;
				SWIFT_VERSION = 5.0;
				TARGETED_DEVICE_FAMILY = "1,2";
				TEST_HOST = "$(BUILT_PRODUCTS_DIR)/HelloSwiftUI.app/$(BUNDLE_EXECUTABLE_FOLDER_PATH)/HelloSwiftUI";
			};
			name = Release;
		};
		221675922B9DFEDB000C0E9B /* Debug */ = {
			isa = XCBuildConfiguration;
			buildSettings = {
				ALWAYS_EMBED_SWIFT_STANDARD_LIBRARIES = YES;
				CODE_SIGN_STYLE = Automatic;
				CURRENT_PROJECT_VERSION = 1;
				DEVELOPMENT_TEAM = 67B8R6CZM3;
				GENERATE_INFOPLIST_FILE = YES;
				MARKETING_VERSION = 1.0;
				PRODUCT_BUNDLE_IDENTIFIER = com.udemyKabu.HelloSwiftUIUITests;
				PRODUCT_NAME = "$(TARGET_NAME)";
				SWIFT_EMIT_LOC_STRINGS = NO;
				SWIFT_VERSION = 5.0;
				TARGETED_DEVICE_FAMILY = "1,2";
				TEST_TARGET_NAME = HelloSwiftUI;
			};
			name = Debug;
		};
		221675932B9DFEDB000C0E9B /* Release */ = {
			isa = XCBuildConfiguration;
			buildSettings = {
				ALWAYS_EMBED_SWIFT_STANDARD_LIBRARIES = YES;
				CODE_SIGN_STYLE = Automatic;
				CURRENT_PROJECT_VERSION = 1;
				DEVELOPMENT_TEAM = 67B8R6CZM3;
				GENERATE_INFOPLIST_FILE = YES;
				MARKETING_VERSION = 1.0;
				PRODUCT_BUNDLE_IDENTIFIER = com.udemyKabu.HelloSwiftUIUITests;
				PRODUCT_NAME = "$(TARGET_NAME)";
				SWIFT_EMIT_LOC_STRINGS = NO;
				SWIFT_VERSION = 5.0;
				TARGETED_DEVICE_FAMILY = "1,2";
				TEST_TARGET_NAME = HelloSwiftUI;
			};
			name = Release;
		};
/* End XCBuildConfiguration section */

/* Begin XCConfigurationList section */
		221675622B9DFED9000C0E9B /* Build configuration list for PBXProject "HelloSwiftUI" */ = {
			isa = XCConfigurationList;
			buildConfigurations = (
				221675892B9DFEDB000C0E9B /* Debug */,
				2216758A2B9DFEDB000C0E9B /* Release */,
			);
			defaultConfigurationIsVisible = 0;
			defaultConfigurationName = Release;
		};
		2216758B2B9DFEDB000C0E9B /* Build configuration list for PBXNativeTarget "HelloSwiftUI" */ = {
			isa = XCConfigurationList;
			buildConfigurations = (
				2216758C2B9DFEDB000C0E9B /* Debug */,
				2216758D2B9DFEDB000C0E9B /* Release */,
			);
			defaultConfigurationIsVisible = 0;
			defaultConfigurationName = Release;
		};
		2216758E2B9DFEDB000C0E9B /* Build configuration list for PBXNativeTarget "HelloSwiftUITests" */ = {
			isa = XCConfigurationList;
			buildConfigurations = (
				2216758F2B9DFEDB000C0E9B /* Debug */,
				221675902B9DFEDB000C0E9B /* Release */,
			);
			defaultConfigurationIsVisible = 0;
			defaultConfigurationName = Release;
		};
		221675912B9DFEDB000C0E9B /* Build configuration list for PBXNativeTarget "HelloSwiftUIUITests" */ = {
			isa = XCConfigurationList;
			buildConfigurations = (
				221675922B9DFEDB000C0E9B /* Debug */,
				221675932B9DFEDB000C0E9B /* Release */,
			);
			defaultConfigurationIsVisible = 0;
			defaultConfigurationName = Release;
		};
/* End XCConfigurationList section */
	};
	rootObject = 2216755F2B9DFED9000C0E9B /* Project object */;
}
